
Microsoft Visual Studio Solution File, Format Version 12.00
# Visual Studio Version 17
VisualStudioVersion = 17.9.34728.123
MinimumVisualStudioVersion = 10.0.40219.1
Project("{FAE04EC0-301F-11D3-BF4B-00C04F79EFBC}") = "Ex_Heranca", "Ex_Heranca\Ex_Heranca.csproj", "{DD9C3A26-A9BD-4D4B-B0D1-E50A33D4C083}"
EndProject
Global
	GlobalSection(SolutionConfigurationPlatforms) = preSolution
		Debug|Any CPU = Debug|Any CPU
		Release|Any CPU = Release|Any CPU
	EndGlobalSection
	GlobalSection(ProjectConfigurationPlatforms) = postSolution
		{DD9C3A26-A9BD-4D4B-B0D1-E50A33D4C083}.Debug|Any CPU.ActiveCfg = Debug|Any CPU
		{DD9C3A26-A9BD-4D4B-B0D1-E50A33D4C083}.Debug|Any CPU.Build.0 = Debug|Any CPU
		{DD9C3A26-A9BD-4D4B-B0D1-E50A33D4C083}.Release|Any CPU.ActiveCfg = Release|Any CPU
		{DD9C3A26-A9BD-4D4B-B0D1-E50A33D4C083}.Release|Any CPU.Build.0 = Release|Any CPU
	EndGlobalSection
	GlobalSection(SolutionProperties) = preSolution
		HideSolutionNode = FALSE
	EndGlobalSection
	GlobalSection(ExtensibilityGlobals) = postSolution
		SolutionGuid = {6EFA923B-A20B-4CAC-8092-96395676120D}
	EndGlobalSection
EndGlobal
